{
  "version": "5",
  "specifiers": {
    "jsr:@std/async@^1.0.7": "1.5.0",
    "jsr:@std/data-structures@^1.1.1": "1.1.2",
    "jsr:@std/internal@^1.0.14": "1.0.14",
    "jsr:@std/path@^1.0.7": "1.1.6",
    "jsr:@std/semver@^1.0.3": "1.0.8",
    "npm:@bridge-editor/common-utils@~0.3.3": "0.3.3",
    "npm:@bridge-editor/dash-compiler@0.14.0-alpha.7": "0.14.0-alpha.7",
    "npm:@bridge-editor/mc-project-core@0.5": "0.5.0"
  },
  "jsr": {
    "@std/async@1.5.0": {
      "integrity": "4c1f22d287a17ad7d8643b1952bc5a4d21e5d8b68dc8c20d8268eecc69096e82",
      "dependencies": [
        "jsr:@std/data-structures"
      ]
    },
    "@std/data-structures@1.1.2": {
      "integrity": "2471377c9e0051f9ec34e57d0ebd0ad133a5a889677446ec6ba9938e4e102918"
    },
    "@std/internal@1.0.14": {
      "integrity": "291516b3d4c35024d6ffbc0a9df5bf4c64116e05b50012cf846710152d2ffdf7"
    },
    "@std/path@1.1.6": {
      "integrity": "c68485c2a4dfbb5ae3cc74fae4e8c4e5d874cf8a8ed12927917235c758b46cbe",
      "dependencies": [
        "jsr:@std/internal"
      ]
    },
    "@std/semver@1.0.8": {
      "integrity": "dc830e8b8b6a380c895d53fbfd1258dc253704ca57bbe1629ac65fd7830179b7"
    }
  },
  "npm": {
    "@bridge-editor/common-utils@0.3.3": {
      "integrity": "sha512-EaOpPNoZvO7LM9lPPoT7hMb8WJrx73Wkk//V3xKgbPVPDrQHSoJyd3b1E2sARSu2UZhVo9L7Lnj13DQ2O+FAgw==",
      "dependencies": [
        "compare-versions"
      ]
    },
    "@bridge-editor/dash-compiler@0.14.0-alpha.7": {
      "integrity": "sha512-U7lLr8OcFWvCLrDq3HeBAmBQVsg+xew1lwIdo1eopAb92SoBLZxCw9WCEf/Zbi0zYa4tiZ/jkazNJVJzKhYjCA==",
      "dependencies": [
        "@bridge-editor/common-utils",
        "@bridge-editor/js-runtime",
        "@bridge-editor/mc-project-core",
        "@bridge-editor/molang",
        "@swc/wasm-web",
        "esbuild-wasm",
        "is-glob",
        "json5",
        "pathe@2.0.3"
      ]
    },
    "@bridge-editor/js-runtime@0.4.5": {
      "integrity": "sha512-HbgwrQrE+xWPauTQWtpolBP3GYIKBTxwooZE2TBg2QIRNIRWUYage216pzOzO3Fn+Xui8qMUrKIIyXyWWU6tPw==",
      "dependencies": [
        "@swc/wasm-web",
        "json5",
        "magic-string",
        "path-browserify",
        "vitest"
      ]
    },
    "@bridge-editor/mc-project-core@0.5.0": {
      "integrity": "sha512-We4aCG8H9UTanrAOV0onT39bcoiCo0dA+jUcJxHe0Srj7Mc8DcZeEzDIU71AoSQaUwFCw15tDWOGPrk28z5nng==",
      "dependencies": [
        "@bridge-editor/common-utils",
        "json5",
        "pathe@1.1.2"
      ]
    },
    "@bridge-editor/molang@2.0.2": {
      "integrity": "sha512-GmATfUFAIoc90/KnkF/4nFI3rwjBWltgpyTD3Kh50Pabq89o3H++NIZa93Fat5bie1zFsiHcG9RbooDvofgc1Q=="
    },
    "@esbuild/linux-loong64@0.14.54": {
      "integrity": "sha512-bZBrLAIX1kpWelV0XemxBZllyRmM6vgFQQG2GdNb+r3Fkp0FOh1NJSvekXDs7jq70k4euu1cryLMfU+mTXlEpw==",
      "os": ["linux"],
      "cpu": ["loong64"]
    },
    "@swc/wasm-web@1.6.5": {
      "integrity": "sha512-gKNNR8m0mzeFjcGCmCTxUHsjkV/kwHhRHYxwqI117bhauctt/PCq9BqG/L/1ZlhDO0VRGyZfab64jXGUh70AVQ=="
    },
    "@types/chai-subset@1.3.6_@types+chai@4.3.20": {
      "integrity": "sha512-m8lERkkQj+uek18hXOZuec3W/fCRTrU4hrnXjH3qhHy96ytuPaPiWGgu7sJb7tZxZonO75vYAjCvpe/e4VUwRw==",
      "dependencies": [
        "@types/chai"
      ]
    },
    "@types/chai@4.3.20": {
      "integrity": "sha512-/pC9HAB5I/xMlc5FP77qjCnI16ChlJfW0tGa0IUcFn38VJrTV6DeZ60NU5KZBtaOZqjdpwTWohz5HU1RrhiYxQ=="
    },
    "@types/node@26.0.1": {
      "integrity": "sha512-fc3KiUoBt6kie0N9bIW3E47vZsuaMf0PM2AaUpLCLT0s/LvX1nxAim6Fc049cNxODPpGm6qRAuUOB86SkRuPQw==",
      "dependencies": [
        "undici-types"
      ]
    },
    "assertion-error@1.1.0": {
      "integrity": "sha512-jgsaNduz+ndvGyFt3uSuWqvy4lCnIJiovtouQN5JZHOKCS2QuhEdbcQHFhVksz2N2U9hXJo8odG7ETyWlEeuDw=="
    },
    "chai@4.5.0": {
      "integrity": "sha512-RITGBfijLkBddZvnn8jdqoTypxvqbOLYQkGGxXzeFjVHvudaPw0HNFD9x928/eUwYWd2dPCugVqspGALTZZQKw==",
      "dependencies": [
        "assertion-error",
        "check-error",
        "deep-eql",
        "get-func-name",
        "loupe",
        "pathval",
        "type-detect"
      ]
    },
    "check-error@1.0.3": {
      "integrity": "sha512-iKEoDYaRmd1mxM90a2OEfWhjsjPpYPuQ+lMYsoxB126+t8fw7ySEO48nmDg5COTjxDI65/Y2OWpeEHk3ZOe8zg==",
      "dependencies": [
        "get-func-name"
      ]
    },
    "compare-versions@4.1.4": {
      "integrity": "sha512-FemMreK9xNyL8gQevsdRMrvO4lFCkQP7qbuktn1q8ndcNk1+0mz7lgE7b/sNvbhVgY4w6tMN1FDp6aADjqw2rw=="
    },
    "debug@4.4.3": {
      "integrity": "sha512-RGwwWnwQvkVfavKVt22FGLw+xYSdzARwm0ru6DhTVA3umU5hZc28V3kO4stgYryrTlLpuvgI9GiijltAjNbcqA==",
      "dependencies": [
        "ms"
      ]
    },
    "deep-eql@4.1.4": {
      "integrity": "sha512-SUwdGfqdKOwxCPeVYjwSyRpJ7Z+fhpwIAtmCUdZIWZ/YP5R9WAsyuSgpLVDi9bjWoN2LXHNss/dk3urXtdQxGg==",
      "dependencies": [
        "type-detect"
      ]
    },
    "es-errors@1.3.0": {
      "integrity": "sha512-Zf5H2Kxt2xjTvbJvP2ZWLEICxA6j+hAmMzIlypy4xcBg1vKVnx89Wy0GbS+kf5cwCVFFzdCFh2XSCFNULS6csw=="
    },
    "esbuild-android-64@0.14.54": {
      "integrity": "sha512-Tz2++Aqqz0rJ7kYBfz+iqyE3QMycD4vk7LBRyWaAVFgFtQ/O8EJOnVmTOiDWYZ/uYzB4kvP+bqejYdVKzE5lAQ==",
      "os": ["android"],
      "cpu": ["x64"]
    },
    "esbuild-android-arm64@0.14.54": {
      "integrity": "sha512-F9E+/QDi9sSkLaClO8SOV6etqPd+5DgJje1F9lOWoNncDdOBL2YF59IhsWATSt0TLZbYCf3pNlTHvVV5VfHdvg==",
      "os": ["android"],
      "cpu": ["arm64"]
    },
    "esbuild-darwin-64@0.14.54": {
      "integrity": "sha512-jtdKWV3nBviOd5v4hOpkVmpxsBy90CGzebpbO9beiqUYVMBtSc0AL9zGftFuBon7PNDcdvNCEuQqw2x0wP9yug==",
      "os": ["darwin"],
      "cpu": ["x64"]
    },
    "esbuild-darwin-arm64@0.14.54": {
      "integrity": "sha512-OPafJHD2oUPyvJMrsCvDGkRrVCar5aVyHfWGQzY1dWnzErjrDuSETxwA2HSsyg2jORLY8yBfzc1MIpUkXlctmw==",
      "os": ["darwin"],
      "cpu": ["arm64"]
    },
    "esbuild-freebsd-64@0.14.54": {
      "integrity": "sha512-OKwd4gmwHqOTp4mOGZKe/XUlbDJ4Q9TjX0hMPIDBUWWu/kwhBAudJdBoxnjNf9ocIB6GN6CPowYpR/hRCbSYAg==",
      "os": ["freebsd"],
      "cpu": ["x64"]
    },
    "esbuild-freebsd-arm64@0.14.54": {
      "integrity": "sha512-sFwueGr7OvIFiQT6WeG0jRLjkjdqWWSrfbVwZp8iMP+8UHEHRBvlaxL6IuKNDwAozNUmbb8nIMXa7oAOARGs1Q==",
      "os": ["freebsd"],
      "cpu": ["arm64"]
    },
    "esbuild-linux-32@0.14.54": {
      "integrity": "sha512-1ZuY+JDI//WmklKlBgJnglpUL1owm2OX+8E1syCD6UAxcMM/XoWd76OHSjl/0MR0LisSAXDqgjT3uJqT67O3qw==",
      "os": ["linux"],
      "cpu": ["ia32"]
    },
    "esbuild-linux-64@0.14.54": {
      "integrity": "sha512-EgjAgH5HwTbtNsTqQOXWApBaPVdDn7XcK+/PtJwZLT1UmpLoznPd8c5CxqsH2dQK3j05YsB3L17T8vE7cp4cCg==",
      "os": ["linux"],
      "cpu": ["x64"]
    },
    "esbuild-linux-arm64@0.14.54": {
      "integrity": "sha512-WL71L+0Rwv+Gv/HTmxTEmpv0UgmxYa5ftZILVi2QmZBgX3q7+tDeOQNqGtdXSdsL8TQi1vIaVFHUPDe0O0kdig==",
      "os": ["linux"],
      "cpu": ["arm64"]
    },
    "esbuild-linux-arm@0.14.54": {
      "integrity": "sha512-qqz/SjemQhVMTnvcLGoLOdFpCYbz4v4fUo+TfsWG+1aOu70/80RV6bgNpR2JCrppV2moUQkww+6bWxXRL9YMGw==",
      "os": ["linux"],
      "cpu": ["arm"]
    },
    "esbuild-linux-mips64le@0.14.54": {
      "integrity": "sha512-qTHGQB8D1etd0u1+sB6p0ikLKRVuCWhYQhAHRPkO+OF3I/iSlTKNNS0Lh2Oc0g0UFGguaFZZiPJdJey3AGpAlw==",
      "os": ["linux"],
      "cpu": ["mips64el"]
    },
    "esbuild-linux-ppc64le@0.14.54": {
      "integrity": "sha512-j3OMlzHiqwZBDPRCDFKcx595XVfOfOnv68Ax3U4UKZ3MTYQB5Yz3X1mn5GnodEVYzhtZgxEBidLWeIs8FDSfrQ==",
      "os": ["linux"],
      "cpu": ["ppc64"]
    },
    "esbuild-linux-riscv64@0.14.54": {
      "integrity": "sha512-y7Vt7Wl9dkOGZjxQZnDAqqn+XOqFD7IMWiewY5SPlNlzMX39ocPQlOaoxvT4FllA5viyV26/QzHtvTjVNOxHZg==",
      "os": ["linux"],
      "cpu": ["riscv64"]
    },
    "esbuild-linux-s390x@0.14.54": {
      "integrity": "sha512-zaHpW9dziAsi7lRcyV4r8dhfG1qBidQWUXweUjnw+lliChJqQr+6XD71K41oEIC3Mx1KStovEmlzm+MkGZHnHA==",
      "os": ["linux"],
      "cpu": ["s390x"]
    },
    "esbuild-netbsd-64@0.14.54": {
      "integrity": "sha512-PR01lmIMnfJTgeU9VJTDY9ZerDWVFIUzAtJuDHwwceppW7cQWjBBqP48NdeRtoP04/AtO9a7w3viI+PIDr6d+w==",
      "os": ["netbsd"],
      "cpu": ["x64"]
    },
    "esbuild-openbsd-64@0.14.54": {
      "integrity": "sha512-Qyk7ikT2o7Wu76UsvvDS5q0amJvmRzDyVlL0qf5VLsLchjCa1+IAvd8kTBgUxD7VBUUVgItLkk609ZHUc1oCaw==",
      "os": ["openbsd"],
      "cpu": ["x64"]
    },
    "esbuild-sunos-64@0.14.54": {
      "integrity": "sha512-28GZ24KmMSeKi5ueWzMcco6EBHStL3B6ubM7M51RmPwXQGLe0teBGJocmWhgwccA1GeFXqxzILIxXpHbl9Q/Kw==",
      "os": ["sunos"],
      "cpu": ["x64"]
    },
    "esbuild-wasm@0.25.12": {
      "integrity": "sha512-rZqkjL3Y6FwLpSHzLnaEy8Ps6veCNo1kZa9EOfJvmWtBq5dJH4iVjfmOO6Mlkv9B0tt9WFPFmb/VxlgJOnueNg==",
      "bin": true
    },
    "esbuild-windows-32@0.14.54": {
      "integrity": "sha512-T+rdZW19ql9MjS7pixmZYVObd9G7kcaZo+sETqNH4RCkuuYSuv9AGHUVnPoP9hhuE1WM1ZimHz1CIBHBboLU7w==",
      "os": ["win32"],
      "cpu": ["ia32"]
    },
    "esbuild-windows-64@0.14.54": {
      "integrity": "sha512-AoHTRBUuYwXtZhjXZbA1pGfTo8cJo3vZIcWGLiUcTNgHpJJMC1rVA44ZereBHMJtotyN71S8Qw0npiCIkW96cQ==",
      "os": ["win32"],
      "cpu": ["x64"]
    },
    "esbuild-windows-arm64@0.14.54": {
      "integrity": "sha512-M0kuUvXhot1zOISQGXwWn6YtS+Y/1RT9WrVIOywZnJHo3jCDyewAc79aKNQWFCQm+xNHVTq9h8dZKvygoXQQRg==",
      "os": ["win32"],
      "cpu": ["arm64"]
    },
    "esbuild@0.14.54": {
      "integrity": "sha512-Cy9llcy8DvET5uznocPyqL3BFRrFXSVqbgpMJ9Wz8oVjZlh/zUSNbPRbov0VX7VxN2JH1Oa0uNxZ7eLRb62pJA==",
      "optionalDependencies": [
        "@esbuild/linux-loong64",
        "esbuild-android-64",
        "esbuild-android-arm64",
        "esbuild-darwin-64",
        "esbuild-darwin-arm64",
        "esbuild-freebsd-64",
        "esbuild-freebsd-arm64",
        "esbuild-linux-32",
        "esbuild-linux-64",
        "esbuild-linux-arm",
        "esbuild-linux-arm64",
        "esbuild-linux-mips64le",
        "esbuild-linux-ppc64le",
        "esbuild-linux-riscv64",
        "esbuild-linux-s390x",
        "esbuild-netbsd-64",
        "esbuild-openbsd-64",
        "esbuild-sunos-64",
        "esbuild-windows-32",
        "esbuild-windows-64",
        "esbuild-windows-arm64"
      ],
      "scripts": true,
      "bin": true
    },
    "fsevents@2.3.3": {
      "integrity": "sha512-5xoDfX+fL7faATnagmWPpbFtwh/R77WmMMqqHGS65C3vvB0YHrgF+B1YmZ3441tMj5n63k0212XNoJwzlhffQw==",
      "os": ["darwin"],
      "scripts": true
    },
    "function-bind@1.1.2": {
      "integrity": "sha512-7XHNxH7qX9xG5mIwxkhumTox/MIRNcOgDrxWsMt2pAr23WHp6MrRlN7FBSFpCpr+oVO0F744iUgR82nJMfG2SA=="
    },
    "get-func-name@2.0.2": {
      "integrity": "sha512-8vXOvuE167CtIc3OyItco7N/dpRtBbYOsPsXCz7X/PMnlGjYjSGuZJgM1Y7mmew7BKf9BqvLX2tnOVy1BBUsxQ=="
    },
    "hasown@2.0.4": {
      "integrity": "sha512-T2UbfbBEF32wiepXIsMlTW9+dDYC6wMh/t/vYA4tuOMKqWz/n3vr1NFSxQiyP+zk2mXsoMA/i/7qV6LKut1t1A==",
      "dependencies": [
        "function-bind"
      ]
    },
    "is-core-module@2.16.2": {
      "integrity": "sha512-evOr8xfXKxE6qSR0hSXL2r3sd7ALj8+7jQEUvPYcm5sgZFdJ+AYzT6yNmJenvIYQBgIGwfwz08sL8zoL7yq2BA==",
      "dependencies": [
        "hasown"
      ]
    },
    "is-extglob@2.1.1": {
      "integrity": "sha512-SbKbANkN603Vi4jEZv49LeVJMn4yGwsbzZworEoyEiutsN3nJYdbO36zfhGJ6QEDpOZIFkDtnq5JRxmvl3jsoQ=="
    },
    "is-glob@4.0.3": {
      "integrity": "sha512-xelSayHH36ZgE7ZWhli7pW34hNbNl8Ojv5KVmkJD4hBdD3th8Tfk9vYasLM+mXWOZhFkgZfxhLSnrwRr4elSSg==",
      "dependencies": [
        "is-extglob"
      ]
    },
    "json5@2.2.3": {
      "integrity": "sha512-XmOWe7eyHYH14cLdVPoyg+GOH3rYX++KpzrylJwSW98t3Nk+U8XOl8FWKOgwtzdb8lXGf6zYwDUzeHMWfxasyg==",
      "bin": true
    },
    "local-pkg@0.4.3": {
      "integrity": "sha512-SFppqq5p42fe2qcZQqqEOiVRXl+WCP1MdT6k7BDEW1j++sp5fIY+/fdRQitvKgB5BrBcmrs5m/L0v2FrU5MY1g=="
    },
    "loupe@2.3.7": {
      "integrity": "sha512-zSMINGVYkdpYSOBmLi0D1Uo7JU9nVdQKrHxC8eYlV+9YKK9WePqAlL7lSlorG/U2Fw1w0hTBmaa/jrQ3UbPHtA==",
      "dependencies": [
        "get-func-name"
      ]
    },
    "magic-string@0.26.7": {
      "integrity": "sha512-hX9XH3ziStPoPhJxLq1syWuZMxbDvGNbVchfrdCtanC7D13888bMFow61x8axrx+GfHLtVeAx2kxL7tTGRl+Ow==",
      "dependencies": [
        "sourcemap-codec"
      ]
    },
    "ms@2.1.3": {
      "integrity": "sha512-6FlzubTLZG3J2a/NVCAleEhjzq5oxgHyaCU9yYXvcLsvoVaHJq/s5xXI6/XXP6tz7R9xAOtHnSO/tXtF3WRTlA=="
    },
    "nanoid@3.3.18": {
      "integrity": "sha512-DTg4MJbGMWkfi6VZFdNt2/caMbQy4Ou+Op/hJQvGEWcnVfoA1QA+xzRKAzw9jD6+GVOOeYr/mIcuDSdug6F6+w==",
      "bin": true
    },
    "path-browserify@1.0.1": {
      "integrity": "sha512-b7uo2UCUOYZcnF/3ID0lulOJi/bafxa1xPe7ZPsammBSpjSWQkjNxlt635YGS2MiR9GjvuXCtz2emr3jbsz98g=="
    },
    "path-parse@1.0.7": {
      "integrity": "sha512-LDJzPVEEEPR+y48z93A0Ed0yXb8pAByGWo/k5YYdYgpY2/2EsOsksJrq7lOHxryrVOn1ejG6oAp8ahvOIQD8sw=="
    },
    "pathe@1.1.2": {
      "integrity": "sha512-whLdWMYL2TwI08hn8/ZqAbrVemu0LNaNNJZX73O6qaIdCTfXutsLhMkjdENX0qhsQ9uIimo4/aQOmXkoon2nDQ=="
    },
    "pathe@2.0.3": {
      "integrity": "sha512-WUjGcAqP1gQacoQe+OBJsFA7Ld4DyXuUIjZ5cc75cLHvJ7dtNsTugphxIADwspS+AraAUePCKrSVtPLFj/F88w=="
    },
    "pathval@1.1.1": {
      "integrity": "sha512-Dp6zGqpTdETdR63lehJYPeIOqpiNBNtc7BpWSLrOje7UaIsE5aY92r/AunQA7rsXvet3lrJ3JnZX29UPTKXyKQ=="
    },
    "picocolors@1.1.1": {
      "integrity": "sha512-xceH2snhtb5M9liqDsmEw56le376mTZkEX/jEb/RxNFyegNul7eNslCXP9FDj/Lcu0X8KEyMceP2ntpaHrDEVA=="
    },
    "postcss@8.5.26": {
      "integrity": "sha512-u82N74LFzG8ca+dD8puPnplTXoGH4fTPpVGuIbt36G3qvNlkvfD0lEAZSxaly3KX8TS/L1A1gsCEmvKmBcVbkQ==",
      "dependencies": [
        "nanoid",
        "picocolors",
        "source-map-js"
      ]
    },
    "resolve@1.22.12": {
      "integrity": "sha512-TyeJ1zif53BPfHootBGwPRYT1RUt6oGWsaQr8UyZW/eAm9bKoijtvruSDEmZHm92CwS9nj7/fWttqPCgzep8CA==",
      "dependencies": [
        "es-errors",
        "is-core-module",
        "path-parse",
        "supports-preserve-symlinks-flag"
      ],
      "bin": true
    },
    "rollup@2.77.3": {
      "integrity": "sha512-/qxNTG7FbmefJWoeeYJFbHehJ2HNWnjkAFRKzWN/45eNBBF/r8lo992CwcJXEzyVxs5FmfId+vTSTQDb+bxA+g==",
      "optionalDependencies": [
        "fsevents"
      ],
      "bin": true
    },
    "source-map-js@1.2.1": {
      "integrity": "sha512-UXWMKhLOwVKb728IUtQPXxfYU+usdybtUrK/8uGE8CQMvrhOpwvzDBwj0QhSL7MQc7vIsISBG8VQ8+IDQxpfQA=="
    },
    "sourcemap-codec@1.4.8": {
      "integrity": "sha512-9NykojV5Uih4lgo5So5dtw+f0JgJX30KCNI8gwhz2J9A15wD0Ml6tjHKwf6fTSa6fAdVBdZeNOs9eJ71qCk8vA==",
      "deprecated": true
    },
    "supports-preserve-symlinks-flag@1.0.0": {
      "integrity": "sha512-ot0WnXS9fgdkgIcePe6RHNk1WA8+muPa6cSjeR3V8K27q9BB1rTE3R1p7Hv0z1ZyAc8s6Vvv8DIyWf681MAt0w=="
    },
    "tinypool@0.1.3": {
      "integrity": "sha512-2IfcQh7CP46XGWGGbdyO4pjcKqsmVqFAPcXfPxcPXmOWt9cYkTP9HcDmGgsfijYoAEc4z9qcpM/BaBz46Y9/CQ=="
    },
    "tinyspy@0.3.3": {
      "integrity": "sha512-gRiUR8fuhUf0W9lzojPf1N1euJYA30ISebSfgca8z76FOvXtVXqd5ojEIaKLWbDQhAaC3ibxZIjqbyi4ybjcTw=="
    },
    "type-detect@4.1.0": {
      "integrity": "sha512-Acylog8/luQ8L7il+geoSxhEkazvkslg7PSNKOX59mbB9cOveP5aq9h74Y7YU8yDpJwetzQQrfIwtf4Wp4LKcw=="
    },
    "undici-types@8.3.0": {
      "integrity": "sha512-j375ScV60dom+YkPFIfTLcOiPxkN/buHz5GobjLhixFuANaNs3C9l4GmrWqejgXWJ7BbJcFYpTEUkS1Ge8bpZQ=="
    },
    "vite@2.9.18": {
      "integrity": "sha512-sAOqI5wNM9QvSEE70W3UGMdT8cyEn0+PmJMTFvTB8wB0YbYUWw3gUbY62AOyrXosGieF2htmeLATvNxpv/zNyQ==",
      "dependencies": [
        "esbuild",
        "postcss",
        "resolve",
        "rollup"
      ],
      "optionalDependencies": [
        "fsevents"
      ],
      "bin": true
    },
    "vitest@0.15.2": {
      "integrity": "sha512-cMabuUqu+nNHafkdN7H8Z20+UZTrrUfqjGwAoLwUwrqFGWBz3gXwxndjbLf6mgSFs9lF/JWjKeNM1CXKwtk26w==",
      "dependencies": [
        "@types/chai",
        "@types/chai-subset",
        "@types/node",
        "chai",
        "debug",
        "local-pkg",
        "tinypool",
        "tinyspy",
        "vite"
      ],
      "bin": true
    }
  },
  "workspace": {
    "dependencies": [
      "jsr:@std/async@^1.0.7",
      "jsr:@std/path@^1.0.7",
      "jsr:@std/semver@^1.0.3",
      "npm:@bridge-editor/common-utils@~0.3.3",
      "npm:@bridge-editor/dash-compiler@0.14.0-alpha.7",
      "npm:@bridge-editor/mc-project-core@0.5"
    ]
  }
}
