{
  "version": "4",
  "specifiers": {
    "jsr:@std/async@^1.0.7": "1.0.8",
    "jsr:@std/path@^1.0.7": "1.0.8",
    "jsr:@std/semver@^1.0.3": "1.0.3",
    "npm:@bridge-editor/common-utils@~0.3.3": "0.3.3",
    "npm:@bridge-editor/mc-project-core@0.4": "0.4.0"
  },
  "jsr": {
    "@std/async@1.0.8": {
      "integrity": "c057c5211a0f1d12e7dcd111ab430091301b8d64b4250052a79d277383bc3ba7"
    },
    "@std/path@1.0.8": {
      "integrity": "548fa456bb6a04d3c1a1e7477986b6cffbce95102d0bb447c67c4ee70e0364be"
    },
    "@std/semver@1.0.3": {
      "integrity": "7c139c6076a080eeaa4252c78b95ca5302818d7eafab0470d34cafd9930c13c8"
    }
  },
  "npm": {
    "@bridge-editor/common-utils@0.3.3": {
      "integrity": "sha512-EaOpPNoZvO7LM9lPPoT7hMb8WJrx73Wkk//V3xKgbPVPDrQHSoJyd3b1E2sARSu2UZhVo9L7Lnj13DQ2O+FAgw==",
      "dependencies": [
        "compare-versions"
      ]
    },
    "@bridge-editor/mc-project-core@0.4.0": {
      "integrity": "sha512-QwkJhYrjN09gAaVQGSaoVUgnvxOL1PptJC7sqqb3FaBHoUEZ6+8W1PNwxeO8RCPftq0aewcKJp6pAn9ss7UYqA==",
      "dependencies": [
        "@bridge-editor/common-utils",
        "json5",
        "path-browserify"
      ]
    },
    "compare-versions@4.1.4": {
      "integrity": "sha512-FemMreK9xNyL8gQevsdRMrvO4lFCkQP7qbuktn1q8ndcNk1+0mz7lgE7b/sNvbhVgY4w6tMN1FDp6aADjqw2rw=="
    },
    "json5@2.2.3": {
      "integrity": "sha512-XmOWe7eyHYH14cLdVPoyg+GOH3rYX++KpzrylJwSW98t3Nk+U8XOl8FWKOgwtzdb8lXGf6zYwDUzeHMWfxasyg=="
    },
    "path-browserify@1.0.1": {
      "integrity": "sha512-b7uo2UCUOYZcnF/3ID0lulOJi/bafxa1xPe7ZPsammBSpjSWQkjNxlt635YGS2MiR9GjvuXCtz2emr3jbsz98g=="
    }
  },
  "workspace": {
    "dependencies": [
      "jsr:@std/async@^1.0.7",
      "jsr:@std/path@^1.0.7",
      "jsr:@std/semver@^1.0.3",
      "npm:@bridge-editor/common-utils@~0.3.3",
      "npm:@bridge-editor/mc-project-core@0.4"
    ]
  }
}
